
Microsoft Visual Studio Solution File, Format Version 12.00
# Visual Studio 15
VisualStudioVersion = 15.0.26730.15
MinimumVisualStudioVersion = 10.0.40219.1
Project("{FAE04EC0-301F-11D3-BF4B-00C04F79EFBC}") = "Interface", "Interface\Interface.csproj", "{D7951B67-4B3B-4646-9552-E8707D7576FB}"
EndProject
Project("{FAE04EC0-301F-11D3-BF4B-00C04F79EFBC}") = "WcfServiceLayer", "WcfServiceLayer\WcfServiceLayer.csproj", "{B020C8B5-EBB2-4FDA-9671-BC2ED0BDE9DC}"
EndProject
Global
	GlobalSection(SolutionConfigurationPlatforms) = preSolution
		Debug|Any CPU = Debug|Any CPU
		Release|Any CPU = Release|Any CPU
	EndGlobalSection
	GlobalSection(ProjectConfigurationPlatforms) = postSolution
		{D7951B67-4B3B-4646-9552-E8707D7576FB}.Debug|Any CPU.ActiveCfg = Debug|Any CPU
		{D7951B67-4B3B-4646-9552-E8707D7576FB}.Debug|Any CPU.Build.0 = Debug|Any CPU
		{D7951B67-4B3B-4646-9552-E8707D7576FB}.Release|Any CPU.ActiveCfg = Release|Any CPU
		{D7951B67-4B3B-4646-9552-E8707D7576FB}.Release|Any CPU.Build.0 = Release|Any CPU
		{B020C8B5-EBB2-4FDA-9671-BC2ED0BDE9DC}.Debug|Any CPU.ActiveCfg = Debug|Any CPU
		{B020C8B5-EBB2-4FDA-9671-BC2ED0BDE9DC}.Debug|Any CPU.Build.0 = Debug|Any CPU
		{B020C8B5-EBB2-4FDA-9671-BC2ED0BDE9DC}.Release|Any CPU.ActiveCfg = Release|Any CPU
		{B020C8B5-EBB2-4FDA-9671-BC2ED0BDE9DC}.Release|Any CPU.Build.0 = Release|Any CPU
	EndGlobalSection
	GlobalSection(SolutionProperties) = preSolution
		HideSolutionNode = FALSE
	EndGlobalSection
	GlobalSection(ExtensibilityGlobals) = postSolution
		SolutionGuid = {88FB756A-9D39-46A0-B72A-AA98A491A601}
	EndGlobalSection
EndGlobal
